
Microsoft Visual Studio Solution File, Format Version 12.00
# Visual Studio Version 16
VisualStudioVersion = 16.0.32002.261
MinimumVisualStudioVersion = 10.0.40219.1
Project("{FAE04EC0-301F-11D3-BF4B-00C04F79EFBC}") = "MVC-Employee", "MVC-Employee\MVC-Employee.csproj", "{73AD9860-395A-411E-BFA8-6C6DC16AA0DA}"
EndProject
Global
	GlobalSection(SolutionConfigurationPlatforms) = preSolution
		Debug|Any CPU = Debug|Any CPU
		Release|Any CPU = Release|Any CPU
	EndGlobalSection
	GlobalSection(ProjectConfigurationPlatforms) = postSolution
		{73AD9860-395A-411E-BFA8-6C6DC16AA0DA}.Debug|Any CPU.ActiveCfg = Debug|Any CPU
		{73AD9860-395A-411E-BFA8-6C6DC16AA0DA}.Debug|Any CPU.Build.0 = Debug|Any CPU
		{73AD9860-395A-411E-BFA8-6C6DC16AA0DA}.Release|Any CPU.ActiveCfg = Release|Any CPU
		{73AD9860-395A-411E-BFA8-6C6DC16AA0DA}.Release|Any CPU.Build.0 = Release|Any CPU
	EndGlobalSection
	GlobalSection(SolutionProperties) = preSolution
		HideSolutionNode = FALSE
	EndGlobalSection
	GlobalSection(ExtensibilityGlobals) = postSolution
		SolutionGuid = {343F3956-5F70-4C4D-8474-93E90314834C}
	EndGlobalSection
EndGlobal
